// !$*UTF8*$!
{
	archiveVersion = 1;
	classes = {
	};
	objectVersion = 56;
	objects = {

/* Begin PBXBuildFile section */
		C78BC18282471DE2D89035BE /* Pods_Firebase_Twitter.framework in Frameworks */ = {isa = PBXBuildFile; fileRef = DFB02DDFEA095B7ED8C38B8F /* Pods_Firebase_Twitter.framework */; };
		C910E6B72B26CE390020EADE /* LogInViewController.swift in Sources */ = {isa = PBXBuildFile; fileRef = C910E6B62B26CE390020EADE /* LogInViewController.swift */; };
		C948186A2B233BF400D61B1C /* GoogleService-Info.plist in Resources */ = {isa = PBXBuildFile; fileRef = C94818692B233BF400D61B1C /* GoogleService-Info.plist */; };
		C958FAC92B2334B0006C1793 /* AppDelegate.swift in Sources */ = {isa = PBXBuildFile; fileRef = C958FAC82B2334B0006C1793 /* AppDelegate.swift */; };
		C958FACB2B2334B0006C1793 /* SceneDelegate.swift in Sources */ = {isa = PBXBuildFile; fileRef = C958FACA2B2334B0006C1793 /* SceneDelegate.swift */; };
		C958FACD2B2334B0006C1793 /* ViewController.swift in Sources */ = {isa = PBXBuildFile; fileRef = C958FACC2B2334B0006C1793 /* ViewController.swift */; };
		C958FAD02B2334B0006C1793 /* Main.storyboard in Resources */ = {isa = PBXBuildFile; fileRef = C958FACE2B2334B0006C1793 /* Main.storyboard */; };
		C958FAD22B2334B6006C1793 /* Assets.xcassets in Resources */ = {isa = PBXBuildFile; fileRef = C958FAD12B2334B6006C1793 /* Assets.xcassets */; };
		C958FAD52B2334B6006C1793 /* LaunchScreen.storyboard in Resources */ = {isa = PBXBuildFile; fileRef = C958FAD32B2334B6006C1793 /* LaunchScreen.storyboard */; };
		C988B10A2B26D4B500C769C2 /* SignUpViewController.swift in Sources */ = {isa = PBXBuildFile; fileRef = C988B1092B26D4B500C769C2 /* SignUpViewController.swift */; };
		C988B10C2B26D4D700C769C2 /* DataViewController.swift in Sources */ = {isa = PBXBuildFile; fileRef = C988B10B2B26D4D600C769C2 /* DataViewController.swift */; };
		C9B9B0122B2999A900F2F820 /* CommentViewController.swift in Sources */ = {isa = PBXBuildFile; fileRef = C9B9B0112B2999A800F2F820 /* CommentViewController.swift */; };
		C9C8171B2B26E6490020A68B /* design-Content.swift in Sources */ = {isa = PBXBuildFile; fileRef = C9C8171A2B26E6480020A68B /* design-Content.swift */; };
		C9C8171D2B26EB4D0020A68B /* TableViewCell.swift in Sources */ = {isa = PBXBuildFile; fileRef = C9C8171C2B26EB4D0020A68B /* TableViewCell.swift */; };
		C9CE961E2B26F83B001AA0B3 /* AuthManager.swift in Sources */ = {isa = PBXBuildFile; fileRef = C9CE961D2B26F83B001AA0B3 /* AuthManager.swift */; };
/* End PBXBuildFile section */

/* Begin PBXFileReference section */
		143005A5438B73526A1750E9 /* Pods-Firebase_Twitter.release.xcconfig */ = {isa = PBXFileReference; includeInIndex = 1; lastKnownFileType = text.xcconfig; name = "Pods-Firebase_Twitter.release.xcconfig"; path = "Target Support Files/Pods-Firebase_Twitter/Pods-Firebase_Twitter.release.xcconfig"; sourceTree = "<group>"; };
		BF18D9E948A0219B6DDD88D0 /* Pods-Firebase_Twitter.debug.xcconfig */ = {isa = PBXFileReference; includeInIndex = 1; lastKnownFileType = text.xcconfig; name = "Pods-Firebase_Twitter.debug.xcconfig"; path = "Target Support Files/Pods-Firebase_Twitter/Pods-Firebase_Twitter.debug.xcconfig"; sourceTree = "<group>"; };
		C910E6B62B26CE390020EADE /* LogInViewController.swift */ = {isa = PBXFileReference; lastKnownFileType = sourcecode.swift; path = LogInViewController.swift; sourceTree = "<group>"; };
		C94818692B233BF400D61B1C /* GoogleService-Info.plist */ = {isa = PBXFileReference; fileEncoding = 4; lastKnownFileType = text.plist.xml; path = "GoogleService-Info.plist"; sourceTree = "<group>"; };
		C958FAC52B2334B0006C1793 /* Firebase_Twitter.app */ = {isa = PBXFileReference; explicitFileType = wrapper.application; includeInIndex = 0; path = Firebase_Twitter.app; sourceTree = BUILT_PRODUCTS_DIR; };
		C958FAC82B2334B0006C1793 /* AppDelegate.swift */ = {isa = PBXFileReference; lastKnownFileType = sourcecode.swift; path = AppDelegate.swift; sourceTree = "<group>"; };
		C958FACA2B2334B0006C1793 /* SceneDelegate.swift */ = {isa = PBXFileReference; lastKnownFileType = sourcecode.swift; path = SceneDelegate.swift; sourceTree = "<group>"; };
		C958FACC2B2334B0006C1793 /* ViewController.swift */ = {isa = PBXFileReference; lastKnownFileType = sourcecode.swift; path = ViewController.swift; sourceTree = "<group>"; };
		C958FACF2B2334B0006C1793 /* Base */ = {isa = PBXFileReference; lastKnownFileType = file.storyboard; name = Base; path = Base.lproj/Main.storyboard; sourceTree = "<group>"; };
		C958FAD12B2334B6006C1793 /* Assets.xcassets */ = {isa = PBXFileReference; lastKnownFileType = folder.assetcatalog; path = Assets.xcassets; sourceTree = "<group>"; };
		C958FAD42B2334B6006C1793 /* Base */ = {isa = PBXFileReference; lastKnownFileType = file.storyboard; name = Base; path = Base.lproj/LaunchScreen.storyboard; sourceTree = "<group>"; };
		C958FAD62B2334B6006C1793 /* Info.plist */ = {isa = PBXFileReference; lastKnownFileType = text.plist.xml; path = Info.plist; sourceTree = "<group>"; };
		C988B1092B26D4B500C769C2 /* SignUpViewController.swift */ = {isa = PBXFileReference; lastKnownFileType = sourcecode.swift; path = SignUpViewController.swift; sourceTree = "<group>"; };
		C988B10B2B26D4D600C769C2 /* DataViewController.swift */ = {isa = PBXFileReference; lastKnownFileType = sourcecode.swift; path = DataViewController.swift; sourceTree = "<group>"; };
		C9B9B0112B2999A800F2F820 /* CommentViewController.swift */ = {isa = PBXFileReference; lastKnownFileType = sourcecode.swift; path = CommentViewController.swift; sourceTree = "<group>"; };
		C9C8171A2B26E6480020A68B /* design-Content.swift */ = {isa = PBXFileReference; lastKnownFileType = sourcecode.swift; path = "design-Content.swift"; sourceTree = "<group>"; };
		C9C8171C2B26EB4D0020A68B /* TableViewCell.swift */ = {isa = PBXFileReference; lastKnownFileType = sourcecode.swift; path = TableViewCell.swift; sourceTree = "<group>"; };
		C9CE961D2B26F83B001AA0B3 /* AuthManager.swift */ = {isa = PBXFileReference; lastKnownFileType = sourcecode.swift; path = AuthManager.swift; sourceTree = "<group>"; };
		DFB02DDFEA095B7ED8C38B8F /* Pods_Firebase_Twitter.framework */ = {isa = PBXFileReference; explicitFileType = wrapper.framework; includeInIndex = 0; path = Pods_Firebase_Twitter.framework; sourceTree = BUILT_PRODUCTS_DIR; };
/* End PBXFileReference section */

/* Begin PBXFrameworksBuildPhase section */
		C958FAC22B2334B0006C1793 /* Frameworks */ = {
			isa = PBXFrameworksBuildPhase;
			buildActionMask = 2147483647;
			files = (
				C78BC18282471DE2D89035BE /* Pods_Firebase_Twitter.framework in Frameworks */,
			);
			runOnlyForDeploymentPostprocessing = 0;
		};
/* End PBXFrameworksBuildPhase section */

/* Begin PBXGroup section */
		8FDAD086D21429A7ACDE41F2 /* Pods */ = {
			isa = PBXGroup;
			children = (
				BF18D9E948A0219B6DDD88D0 /* Pods-Firebase_Twitter.debug.xcconfig */,
				143005A5438B73526A1750E9 /* Pods-Firebase_Twitter.release.xcconfig */,
			);
			path = Pods;
			sourceTree = "<group>";
		};
		A9EA9221F9EE501A5A752EBB /* Frameworks */ = {
			isa = PBXGroup;
			children = (
				DFB02DDFEA095B7ED8C38B8F /* Pods_Firebase_Twitter.framework */,
			);
			name = Frameworks;
			sourceTree = "<group>";
		};
		C910E6B12B26C9970020EADE /* controllers */ = {
			isa = PBXGroup;
			children = (
				C958FACC2B2334B0006C1793 /* ViewController.swift */,
				C910E6B62B26CE390020EADE /* LogInViewController.swift */,
				C988B1092B26D4B500C769C2 /* SignUpViewController.swift */,
				C988B10B2B26D4D600C769C2 /* DataViewController.swift */,
				C9B9B0112B2999A800F2F820 /* CommentViewController.swift */,
			);
			path = controllers;
			sourceTree = "<group>";
		};
		C910E6B22B26C9A50020EADE /* LaunchScreen */ = {
			isa = PBXGroup;
			children = (
				C958FAD32B2334B6006C1793 /* LaunchScreen.storyboard */,
			);
			path = LaunchScreen;
			sourceTree = "<group>";
		};
		C910E6B32B26CD9C0020EADE /* design-Extension */ = {
			isa = PBXGroup;
			children = (
				C9C8171A2B26E6480020A68B /* design-Content.swift */,
			);
			path = "design-Extension";
			sourceTree = "<group>";
		};
		C958FABC2B2334AF006C1793 = {
			isa = PBXGroup;
			children = (
				C9CE961C2B26F7EE001AA0B3 /* Auth */,
				C9C8171E2B26EB5B0020A68B /* Cell's */,
				C910E6B32B26CD9C0020EADE /* design-Extension */,
				C910E6B22B26C9A50020EADE /* LaunchScreen */,
				C910E6B12B26C9970020EADE /* controllers */,
				C958FAC72B2334B0006C1793 /* Firebase_Twitter */,
				C958FAC62B2334B0006C1793 /* Products */,
				8FDAD086D21429A7ACDE41F2 /* Pods */,
				A9EA9221F9EE501A5A752EBB /* Frameworks */,
			);
			sourceTree = "<group>";
		};
		C958FAC62B2334B0006C1793 /* Products */ = {
			isa = PBXGroup;
			children = (
				C958FAC52B2334B0006C1793 /* Firebase_Twitter.app */,
			);
			name = Products;
			sourceTree = "<group>";
		};
		C958FAC72B2334B0006C1793 /* Firebase_Twitter */ = {
			isa = PBXGroup;
			children = (
				C958FAC82B2334B0006C1793 /* AppDelegate.swift */,
				C958FACA2B2334B0006C1793 /* SceneDelegate.swift */,
				C958FACE2B2334B0006C1793 /* Main.storyboard */,
				C958FAD12B2334B6006C1793 /* Assets.xcassets */,
				C958FAD62B2334B6006C1793 /* Info.plist */,
				C94818692B233BF400D61B1C /* GoogleService-Info.plist */,
			);
			path = Firebase_Twitter;
			sourceTree = "<group>";
		};
		C9C8171E2B26EB5B0020A68B /* Cell's */ = {
			isa = PBXGroup;
			children = (
				C9C8171C2B26EB4D0020A68B /* TableViewCell.swift */,
			);
			path = "Cell's";
			sourceTree = "<group>";
		};
		C9CE961C2B26F7EE001AA0B3 /* Auth */ = {
			isa = PBXGroup;
			children = (
				C9CE961D2B26F83B001AA0B3 /* AuthManager.swift */,
			);
			path = Auth;
			sourceTree = "<group>";
		};
/* End PBXGroup section */

/* Begin PBXNativeTarget section */
		C958FAC42B2334B0006C1793 /* Firebase_Twitter */ = {
			isa = PBXNativeTarget;
			buildConfigurationList = C958FAD92B2334B6006C1793 /* Build configuration list for PBXNativeTarget "Firebase_Twitter" */;
			buildPhases = (
				C721BE9944D9DE930D760D1C /* [CP] Check Pods Manifest.lock */,
				C958FAC12B2334B0006C1793 /* Sources */,
				C958FAC22B2334B0006C1793 /* Frameworks */,
				C958FAC32B2334B0006C1793 /* Resources */,
				E395952302E435ABD019318A /* [CP] Embed Pods Frameworks */,
			);
			buildRules = (
			);
			dependencies = (
			);
			name = Firebase_Twitter;
			productName = Firebase_Twitter;
			productReference = C958FAC52B2334B0006C1793 /* Firebase_Twitter.app */;
			productType = "com.apple.product-type.application";
		};
/* End PBXNativeTarget section */

/* Begin PBXProject section */
		C958FABD2B2334AF006C1793 /* Project object */ = {
			isa = PBXProject;
			attributes = {
				BuildIndependentTargetsInParallel = 1;
				LastSwiftUpdateCheck = 1400;
				LastUpgradeCheck = 1400;
				TargetAttributes = {
					C958FAC42B2334B0006C1793 = {
						CreatedOnToolsVersion = 14.0;
					};
				};
			};
			buildConfigurationList = C958FAC02B2334AF006C1793 /* Build configuration list for PBXProject "Firebase_Twitter" */;
			compatibilityVersion = "Xcode 14.0";
			developmentRegion = en;
			hasScannedForEncodings = 0;
			knownRegions = (
				en,
				Base,
			);
			mainGroup = C958FABC2B2334AF006C1793;
			productRefGroup = C958FAC62B2334B0006C1793 /* Products */;
			projectDirPath = "";
			projectRoot = "";
			targets = (
				C958FAC42B2334B0006C1793 /* Firebase_Twitter */,
			);
		};
/* End PBXProject section */

/* Begin PBXResourcesBuildPhase section */
		C958FAC32B2334B0006C1793 /* Resources */ = {
			isa = PBXResourcesBuildPhase;
			buildActionMask = 2147483647;
			files = (
				C948186A2B233BF400D61B1C /* GoogleService-Info.plist in Resources */,
				C958FAD52B2334B6006C1793 /* LaunchScreen.storyboard in Resources */,
				C958FAD22B2334B6006C1793 /* Assets.xcassets in Resources */,
				C958FAD02B2334B0006C1793 /* Main.storyboard in Resources */,
			);
			runOnlyForDeploymentPostprocessing = 0;
		};
/* End PBXResourcesBuildPhase section */

/* Begin PBXShellScriptBuildPhase section */
		C721BE9944D9DE930D760D1C /* [CP] Check Pods Manifest.lock */ = {
			isa = PBXShellScriptBuildPhase;
			buildActionMask = 2147483647;
			files = (
			);
			inputFileListPaths = (
			);
			inputPaths = (
				"${PODS_PODFILE_DIR_PATH}/Podfile.lock",
				"${PODS_ROOT}/Manifest.lock",
			);
			name = "[CP] Check Pods Manifest.lock";
			outputFileListPaths = (
			);
			outputPaths = (
				"$(DERIVED_FILE_DIR)/Pods-Firebase_Twitter-checkManifestLockResult.txt",
			);
			runOnlyForDeploymentPostprocessing = 0;
			shellPath = /bin/sh;
			shellScript = "diff \"${PODS_PODFILE_DIR_PATH}/Podfile.lock\" \"${PODS_ROOT}/Manifest.lock\" > /dev/null\nif [ $? != 0 ] ; then\n    # print error to STDERR\n    echo \"error: The sandbox is not in sync with the Podfile.lock. Run 'pod install' or update your CocoaPods installation.\" >&2\n    exit 1\nfi\n# This output is used by Xcode 'outputs' to avoid re-running this script phase.\necho \"SUCCESS\" > \"${SCRIPT_OUTPUT_FILE_0}\"\n";
			showEnvVarsInLog = 0;
		};
		E395952302E435ABD019318A /* [CP] Embed Pods Frameworks */ = {
			isa = PBXShellScriptBuildPhase;
			buildActionMask = 2147483647;
			files = (
			);
			inputFileListPaths = (
				"${PODS_ROOT}/Target Support Files/Pods-Firebase_Twitter/Pods-Firebase_Twitter-frameworks-${CONFIGURATION}-input-files.xcfilelist",
			);
			name = "[CP] Embed Pods Frameworks";
			outputFileListPaths = (
				"${PODS_ROOT}/Target Support Files/Pods-Firebase_Twitter/Pods-Firebase_Twitter-frameworks-${CONFIGURATION}-output-files.xcfilelist",
			);
			runOnlyForDeploymentPostprocessing = 0;
			shellPath = /bin/sh;
			shellScript = "\"${PODS_ROOT}/Target Support Files/Pods-Firebase_Twitter/Pods-Firebase_Twitter-frameworks.sh\"\n";
			showEnvVarsInLog = 0;
		};
/* End PBXShellScriptBuildPhase section */

/* Begin PBXSourcesBuildPhase section */
		C958FAC12B2334B0006C1793 /* Sources */ = {
			isa = PBXSourcesBuildPhase;
			buildActionMask = 2147483647;
			files = (
				C9B9B0122B2999A900F2F820 /* CommentViewController.swift in Sources */,
				C988B10A2B26D4B500C769C2 /* SignUpViewController.swift in Sources */,
				C9CE961E2B26F83B001AA0B3 /* AuthManager.swift in Sources */,
				C9C8171D2B26EB4D0020A68B /* TableViewCell.swift in Sources */,
				C9C8171B2B26E6490020A68B /* design-Content.swift in Sources */,
				C988B10C2B26D4D700C769C2 /* DataViewController.swift in Sources */,
				C958FACD2B2334B0006C1793 /* ViewController.swift in Sources */,
				C958FAC92B2334B0006C1793 /* AppDelegate.swift in Sources */,
				C910E6B72B26CE390020EADE /* LogInViewController.swift in Sources */,
				C958FACB2B2334B0006C1793 /* SceneDelegate.swift in Sources */,
			);
			runOnlyForDeploymentPostprocessing = 0;
		};
/* End PBXSourcesBuildPhase section */

/* Begin PBXVariantGroup section */
		C958FACE2B2334B0006C1793 /* Main.storyboard */ = {
			isa = PBXVariantGroup;
			children = (
				C958FACF2B2334B0006C1793 /* Base */,
			);
			name = Main.storyboard;
			sourceTree = "<group>";
		};
		C958FAD32B2334B6006C1793 /* LaunchScreen.storyboard */ = {
			isa = PBXVariantGroup;
			children = (
				C958FAD42B2334B6006C1793 /* Base */,
			);
			name = LaunchScreen.storyboard;
			sourceTree = "<group>";
		};
/* End PBXVariantGroup section */

/* Begin XCBuildConfiguration section */
		C958FAD72B2334B6006C1793 /* Debug */ = {
			isa = XCBuildConfiguration;
			buildSettings = {
				ALWAYS_SEARCH_USER_PATHS = NO;
				CLANG_ANALYZER_NONNULL = YES;
				CLANG_ANALYZER_NUMBER_OBJECT_CONVERSION = YES_AGGRESSIVE;
				CLANG_CXX_LANGUAGE_STANDARD = "gnu++20";
				CLANG_ENABLE_MODULES = YES;
				CLANG_ENABLE_OBJC_ARC = YES;
				CLANG_ENABLE_OBJC_WEAK = YES;
				CLANG_WARN_BLOCK_CAPTURE_AUTORELEASING = YES;
				CLANG_WARN_BOOL_CONVERSION = YES;
				CLANG_WARN_COMMA = YES;
				CLANG_WARN_CONSTANT_CONVERSION = YES;
				CLANG_WARN_DEPRECATED_OBJC_IMPLEMENTATIONS = YES;
				CLANG_WARN_DIRECT_OBJC_ISA_USAGE = YES_ERROR;
				CLANG_WARN_DOCUMENTATION_COMMENTS = YES;
				CLANG_WARN_EMPTY_BODY = YES;
				CLANG_WARN_ENUM_CONVERSION = YES;
				CLANG_WARN_INFINITE_RECURSION = YES;
				CLANG_WARN_INT_CONVERSION = YES;
				CLANG_WARN_NON_LITERAL_NULL_CONVERSION = YES;
				CLANG_WARN_OBJC_IMPLICIT_RETAIN_SELF = YES;
				CLANG_WARN_OBJC_LITERAL_CONVERSION = YES;
				CLANG_WARN_OBJC_ROOT_CLASS = YES_ERROR;
				CLANG_WARN_QUOTED_INCLUDE_IN_FRAMEWORK_HEADER = YES;
				CLANG_WARN_RANGE_LOOP_ANALYSIS = YES;
				CLANG_WARN_STRICT_PROTOTYPES = YES;
				CLANG_WARN_SUSPICIOUS_MOVE = YES;
				CLANG_WARN_UNGUARDED_AVAILABILITY = YES_AGGRESSIVE;
				CLANG_WARN_UNREACHABLE_CODE = YES;
				CLANG_WARN__DUPLICATE_METHOD_MATCH = YES;
				COPY_PHASE_STRIP = NO;
				DEBUG_INFORMATION_FORMAT = dwarf;
				ENABLE_STRICT_OBJC_MSGSEND = YES;
				ENABLE_TESTABILITY = YES;
				GCC_C_LANGUAGE_STANDARD = gnu11;
				GCC_DYNAMIC_NO_PIC = NO;
				GCC_NO_COMMON_BLOCKS = YES;
				GCC_OPTIMIZATION_LEVEL = 0;
				GCC_PREPROCESSOR_DEFINITIONS = (
					"DEBUG=1",
					"$(inherited)",
				);
				GCC_WARN_64_TO_32_BIT_CONVERSION = YES;
				GCC_WARN_ABOUT_RETURN_TYPE = YES_ERROR;
				GCC_WARN_UNDECLARED_SELECTOR = YES;
				GCC_WARN_UNINITIALIZED_AUTOS = YES_AGGRESSIVE;
				GCC_WARN_UNUSED_FUNCTION = YES;
				GCC_WARN_UNUSED_VARIABLE = YES;
				IPHONEOS_DEPLOYMENT_TARGET = 16.0;
				MTL_ENABLE_DEBUG_INFO = INCLUDE_SOURCE;
				MTL_FAST_MATH = YES;
				ONLY_ACTIVE_ARCH = YES;
				SDKROOT = iphoneos;
				SWIFT_ACTIVE_COMPILATION_CONDITIONS = DEBUG;
				SWIFT_OPTIMIZATION_LEVEL = "-Onone";
			};
			name = Debug;
		};
		C958FAD82B2334B6006C1793 /* Release */ = {
			isa = XCBuildConfiguration;
			buildSettings = {
				ALWAYS_SEARCH_USER_PATHS = NO;
				CLANG_ANALYZER_NONNULL = YES;
				CLANG_ANALYZER_NUMBER_OBJECT_CONVERSION = YES_AGGRESSIVE;
				CLANG_CXX_LANGUAGE_STANDARD = "gnu++20";
				CLANG_ENABLE_MODULES = YES;
				CLANG_ENABLE_OBJC_ARC = YES;
				CLANG_ENABLE_OBJC_WEAK = YES;
				CLANG_WARN_BLOCK_CAPTURE_AUTORELEASING = YES;
				CLANG_WARN_BOOL_CONVERSION = YES;
				CLANG_WARN_COMMA = YES;
				CLANG_WARN_CONSTANT_CONVERSION = YES;
				CLANG_WARN_DEPRECATED_OBJC_IMPLEMENTATIONS = YES;
				CLANG_WARN_DIRECT_OBJC_ISA_USAGE = YES_ERROR;
				CLANG_WARN_DOCUMENTATION_COMMENTS = YES;
				CLANG_WARN_EMPTY_BODY = YES;
				CLANG_WARN_ENUM_CONVERSION = YES;
				CLANG_WARN_INFINITE_RECURSION = YES;
				CLANG_WARN_INT_CONVERSION = YES;
				CLANG_WARN_NON_LITERAL_NULL_CONVERSION = YES;
				CLANG_WARN_OBJC_IMPLICIT_RETAIN_SELF = YES;
				CLANG_WARN_OBJC_LITERAL_CONVERSION = YES;
				CLANG_WARN_OBJC_ROOT_CLASS = YES_ERROR;
				CLANG_WARN_QUOTED_INCLUDE_IN_FRAMEWORK_HEADER = YES;
				CLANG_WARN_RANGE_LOOP_ANALYSIS = YES;
				CLANG_WARN_STRICT_PROTOTYPES = YES;
				CLANG_WARN_SUSPICIOUS_MOVE = YES;
				CLANG_WARN_UNGUARDED_AVAILABILITY = YES_AGGRESSIVE;
				CLANG_WARN_UNREACHABLE_CODE = YES;
				CLANG_WARN__DUPLICATE_METHOD_MATCH = YES;
				COPY_PHASE_STRIP = NO;
				DEBUG_INFORMATION_FORMAT = "dwarf-with-dsym";
				ENABLE_NS_ASSERTIONS = NO;
				ENABLE_STRICT_OBJC_MSGSEND = YES;
				GCC_C_LANGUAGE_STANDARD = gnu11;
				GCC_NO_COMMON_BLOCKS = YES;
				GCC_WARN_64_TO_32_BIT_CONVERSION = YES;
				GCC_WARN_ABOUT_RETURN_TYPE = YES_ERROR;
				GCC_WARN_UNDECLARED_SELECTOR = YES;
				GCC_WARN_UNINITIALIZED_AUTOS = YES_AGGRESSIVE;
				GCC_WARN_UNUSED_FUNCTION = YES;
				GCC_WARN_UNUSED_VARIABLE = YES;
				IPHONEOS_DEPLOYMENT_TARGET = 16.0;
				MTL_ENABLE_DEBUG_INFO = NO;
				MTL_FAST_MATH = YES;
				SDKROOT = iphoneos;
				SWIFT_COMPILATION_MODE = wholemodule;
				SWIFT_OPTIMIZATION_LEVEL = "-O";
				VALIDATE_PRODUCT = YES;
			};
			name = Release;
		};
		C958FADA2B2334B6006C1793 /* Debug */ = {
			isa = XCBuildConfiguration;
			baseConfigurationReference = BF18D9E948A0219B6DDD88D0 /* Pods-Firebase_Twitter.debug.xcconfig */;
			buildSettings = {
				ASSETCATALOG_COMPILER_APPICON_NAME = AppIcon;
				ASSETCATALOG_COMPILER_GLOBAL_ACCENT_COLOR_NAME = AccentColor;
				CODE_SIGN_STYLE = Automatic;
				CURRENT_PROJECT_VERSION = 1;
				GENERATE_INFOPLIST_FILE = YES;
				INFOPLIST_FILE = Firebase_Twitter/Info.plist;
				INFOPLIST_KEY_UIApplicationSupportsIndirectInputEvents = YES;
				INFOPLIST_KEY_UILaunchStoryboardName = LaunchScreen;
				INFOPLIST_KEY_UIMainStoryboardFile = Main;
				INFOPLIST_KEY_UISupportedInterfaceOrientations_iPad = "UIInterfaceOrientationPortrait UIInterfaceOrientationPortraitUpsideDown UIInterfaceOrientationLandscapeLeft UIInterfaceOrientationLandscapeRight";
				INFOPLIST_KEY_UISupportedInterfaceOrientations_iPhone = "UIInterfaceOrientationPortrait UIInterfaceOrientationLandscapeLeft UIInterfaceOrientationLandscapeRight";
				LD_RUNPATH_SEARCH_PATHS = (
					"$(inherited)",
					"@executable_path/Frameworks",
				);
				MARKETING_VERSION = 1.0;
				PRODUCT_BUNDLE_IDENTIFIER = "vishal.Firebase-Twitter";
				PRODUCT_NAME = "$(TARGET_NAME)";
				SWIFT_EMIT_LOC_STRINGS = YES;
				SWIFT_VERSION = 5.0;
				TARGETED_DEVICE_FAMILY = "1,2";
			};
			name = Debug;
		};
		C958FADB2B2334B6006C1793 /* Release */ = {
			isa = XCBuildConfiguration;
			baseConfigurationReference = 143005A5438B73526A1750E9 /* Pods-Firebase_Twitter.release.xcconfig */;
			buildSettings = {
				ASSETCATALOG_COMPILER_APPICON_NAME = AppIcon;
				ASSETCATALOG_COMPILER_GLOBAL_ACCENT_COLOR_NAME = AccentColor;
				CODE_SIGN_STYLE = Automatic;
				CURRENT_PROJECT_VERSION = 1;
				GENERATE_INFOPLIST_FILE = YES;
				INFOPLIST_FILE = Firebase_Twitter/Info.plist;
				INFOPLIST_KEY_UIApplicationSupportsIndirectInputEvents = YES;
				INFOPLIST_KEY_UILaunchStoryboardName = LaunchScreen;
				INFOPLIST_KEY_UIMainStoryboardFile = Main;
				INFOPLIST_KEY_UISupportedInterfaceOrientations_iPad = "UIInterfaceOrientationPortrait UIInterfaceOrientationPortraitUpsideDown UIInterfaceOrientationLandscapeLeft UIInterfaceOrientationLandscapeRight";
				INFOPLIST_KEY_UISupportedInterfaceOrientations_iPhone = "UIInterfaceOrientationPortrait UIInterfaceOrientationLandscapeLeft UIInterfaceOrientationLandscapeRight";
				LD_RUNPATH_SEARCH_PATHS = (
					"$(inherited)",
					"@executable_path/Frameworks",
				);
				MARKETING_VERSION = 1.0;
				PRODUCT_BUNDLE_IDENTIFIER = "vishal.Firebase-Twitter";
				PRODUCT_NAME = "$(TARGET_NAME)";
				SWIFT_EMIT_LOC_STRINGS = YES;
				SWIFT_VERSION = 5.0;
				TARGETED_DEVICE_FAMILY = "1,2";
			};
			name = Release;
		};
/* End XCBuildConfiguration section */

/* Begin XCConfigurationList section */
		C958FAC02B2334AF006C1793 /* Build configuration list for PBXProject "Firebase_Twitter" */ = {
			isa = XCConfigurationList;
			buildConfigurations = (
				C958FAD72B2334B6006C1793 /* Debug */,
				C958FAD82B2334B6006C1793 /* Release */,
			);
			defaultConfigurationIsVisible = 0;
			defaultConfigurationName = Release;
		};
		C958FAD92B2334B6006C1793 /* Build configuration list for PBXNativeTarget "Firebase_Twitter" */ = {
			isa = XCConfigurationList;
			buildConfigurations = (
				C958FADA2B2334B6006C1793 /* Debug */,
				C958FADB2B2334B6006C1793 /* Release */,
			);
			defaultConfigurationIsVisible = 0;
			defaultConfigurationName = Release;
		};
/* End XCConfigurationList section */
	};
	rootObject = C958FABD2B2334AF006C1793 /* Project object */;
}
